// !$*UTF8*$!
{
	archiveVersion = 1;
	classes = {
	};
	objectVersion = 50;
	objects = {

/* Begin PBXBuildFile section */
		5563B0C329777763007616A6 /* ProvinceRow.swift in Sources */ = {isa = PBXBuildFile; fileRef = 5563B0C229777763007616A6 /* ProvinceRow.swift */; };
		55648BCA29769473006A49D7 /* CLUser.swift in Sources */ = {isa = PBXBuildFile; fileRef = 55648BC929769473006A49D7 /* CLUser.swift */; };
		55648BCC2976953A006A49D7 /* ModelData.swift in Sources */ = {isa = PBXBuildFile; fileRef = 55648BCB2976953A006A49D7 /* ModelData.swift */; };
		556572622976C38D00E9E08C /* CLProvince.swift in Sources */ = {isa = PBXBuildFile; fileRef = 556572612976C38D00E9E08C /* CLProvince.swift */; };
		556572652976C49F00E9E08C /* ProvinceView.swift in Sources */ = {isa = PBXBuildFile; fileRef = 556572642976C49F00E9E08C /* ProvinceView.swift */; };
		5568069129730235004DD500 /* CheckInVN2App.swift in Sources */ = {isa = PBXBuildFile; fileRef = 5568069029730235004DD500 /* CheckInVN2App.swift */; };
		5568069329730235004DD500 /* ContentView.swift in Sources */ = {isa = PBXBuildFile; fileRef = 5568069229730235004DD500 /* ContentView.swift */; };
		5568069529730237004DD500 /* Assets.xcassets in Resources */ = {isa = PBXBuildFile; fileRef = 5568069429730237004DD500 /* Assets.xcassets */; };
		5568069829730237004DD500 /* Preview Assets.xcassets in Resources */ = {isa = PBXBuildFile; fileRef = 5568069729730237004DD500 /* Preview Assets.xcassets */; };
		556806A329730238004DD500 /* CheckInVN2Tests.swift in Sources */ = {isa = PBXBuildFile; fileRef = 556806A229730238004DD500 /* CheckInVN2Tests.swift */; };
		556806AE29730238004DD500 /* CheckInVN2UITests.swift in Sources */ = {isa = PBXBuildFile; fileRef = 556806AD29730238004DD500 /* CheckInVN2UITests.swift */; };
/* End PBXBuildFile section */

/* Begin PBXContainerItemProxy section */
		5568069F29730238004DD500 /* PBXContainerItemProxy */ = {
			isa = PBXContainerItemProxy;
			containerPortal = 5568068529730235004DD500 /* Project object */;
			proxyType = 1;
			remoteGlobalIDString = 5568068C29730235004DD500;
			remoteInfo = CheckInVN2;
		};
		556806AA29730238004DD500 /* PBXContainerItemProxy */ = {
			isa = PBXContainerItemProxy;
			containerPortal = 5568068529730235004DD500 /* Project object */;
			proxyType = 1;
			remoteGlobalIDString = 5568068C29730235004DD500;
			remoteInfo = CheckInVN2;
		};
/* End PBXContainerItemProxy section */

/* Begin PBXFileReference section */
		5563B0C229777763007616A6 /* ProvinceRow.swift */ = {isa = PBXFileReference; lastKnownFileType = sourcecode.swift; path = ProvinceRow.swift; sourceTree = "<group>"; };
		55648BC929769473006A49D7 /* CLUser.swift */ = {isa = PBXFileReference; lastKnownFileType = sourcecode.swift; path = CLUser.swift; sourceTree = "<group>"; };
		55648BCB2976953A006A49D7 /* ModelData.swift */ = {isa = PBXFileReference; lastKnownFileType = sourcecode.swift; path = ModelData.swift; sourceTree = "<group>"; };
		556572612976C38D00E9E08C /* CLProvince.swift */ = {isa = PBXFileReference; lastKnownFileType = sourcecode.swift; path = CLProvince.swift; sourceTree = "<group>"; };
		556572642976C49F00E9E08C /* ProvinceView.swift */ = {isa = PBXFileReference; lastKnownFileType = sourcecode.swift; path = ProvinceView.swift; sourceTree = "<group>"; };
		5568068D29730235004DD500 /* CheckInVN2.app */ = {isa = PBXFileReference; explicitFileType = wrapper.application; includeInIndex = 0; path = CheckInVN2.app; sourceTree = BUILT_PRODUCTS_DIR; };
		5568069029730235004DD500 /* CheckInVN2App.swift */ = {isa = PBXFileReference; lastKnownFileType = sourcecode.swift; path = CheckInVN2App.swift; sourceTree = "<group>"; };
		5568069229730235004DD500 /* ContentView.swift */ = {isa = PBXFileReference; lastKnownFileType = sourcecode.swift; path = ContentView.swift; sourceTree = "<group>"; };
		5568069429730237004DD500 /* Assets.xcassets */ = {isa = PBXFileReference; lastKnownFileType = folder.assetcatalog; path = Assets.xcassets; sourceTree = "<group>"; };
		5568069729730237004DD500 /* Preview Assets.xcassets */ = {isa = PBXFileReference; lastKnownFileType = folder.assetcatalog; path = "Preview Assets.xcassets"; sourceTree = "<group>"; };
		5568069929730237004DD500 /* Info.plist */ = {isa = PBXFileReference; lastKnownFileType = text.plist.xml; path = Info.plist; sourceTree = "<group>"; };
		5568069E29730238004DD500 /* CheckInVN2Tests.xctest */ = {isa = PBXFileReference; explicitFileType = wrapper.cfbundle; includeInIndex = 0; path = CheckInVN2Tests.xctest; sourceTree = BUILT_PRODUCTS_DIR; };
		556806A229730238004DD500 /* CheckInVN2Tests.swift */ = {isa = PBXFileReference; lastKnownFileType = sourcecode.swift; path = CheckInVN2Tests.swift; sourceTree = "<group>"; };
		556806A429730238004DD500 /* Info.plist */ = {isa = PBXFileReference; lastKnownFileType = text.plist.xml; path = Info.plist; sourceTree = "<group>"; };
		556806A929730238004DD500 /* CheckInVN2UITests.xctest */ = {isa = PBXFileReference; explicitFileType = wrapper.cfbundle; includeInIndex = 0; path = CheckInVN2UITests.xctest; sourceTree = BUILT_PRODUCTS_DIR; };
		556806AD29730238004DD500 /* CheckInVN2UITests.swift */ = {isa = PBXFileReference; lastKnownFileType = sourcecode.swift; path = CheckInVN2UITests.swift; sourceTree = "<group>"; };
		556806AF29730238004DD500 /* Info.plist */ = {isa = PBXFileReference; lastKnownFileType = text.plist.xml; path = Info.plist; sourceTree = "<group>"; };
/* End PBXFileReference section */

/* Begin PBXFrameworksBuildPhase section */
		5568068A29730235004DD500 /* Frameworks */ = {
			isa = PBXFrameworksBuildPhase;
			buildActionMask = 2147483647;
			files = (
			);
			runOnlyForDeploymentPostprocessing = 0;
		};
		5568069B29730238004DD500 /* Frameworks */ = {
			isa = PBXFrameworksBuildPhase;
			buildActionMask = 2147483647;
			files = (
			);
			runOnlyForDeploymentPostprocessing = 0;
		};
		556806A629730238004DD500 /* Frameworks */ = {
			isa = PBXFrameworksBuildPhase;
			buildActionMask = 2147483647;
			files = (
			);
			runOnlyForDeploymentPostprocessing = 0;
		};
/* End PBXFrameworksBuildPhase section */

/* Begin PBXGroup section */
		55648BC82976944E006A49D7 /* ModelAPI */ = {
			isa = PBXGroup;
			children = (
				55648BC929769473006A49D7 /* CLUser.swift */,
				55648BCB2976953A006A49D7 /* ModelData.swift */,
				556572612976C38D00E9E08C /* CLProvince.swift */,
			);
			path = ModelAPI;
			sourceTree = "<group>";
		};
		556572632976C48000E9E08C /* Views */ = {
			isa = PBXGroup;
			children = (
				5568069229730235004DD500 /* ContentView.swift */,
				556572642976C49F00E9E08C /* ProvinceView.swift */,
				5563B0C229777763007616A6 /* ProvinceRow.swift */,
				55648BC82976944E006A49D7 /* ModelAPI */,
			);
			path = Views;
			sourceTree = "<group>";
		};
		5568068429730235004DD500 = {
			isa = PBXGroup;
			children = (
				5568068F29730235004DD500 /* CheckInVN2 */,
				556806A129730238004DD500 /* CheckInVN2Tests */,
				556806AC29730238004DD500 /* CheckInVN2UITests */,
				5568068E29730235004DD500 /* Products */,
			);
			sourceTree = "<group>";
		};
		5568068E29730235004DD500 /* Products */ = {
			isa = PBXGroup;
			children = (
				5568068D29730235004DD500 /* CheckInVN2.app */,
				5568069E29730238004DD500 /* CheckInVN2Tests.xctest */,
				556806A929730238004DD500 /* CheckInVN2UITests.xctest */,
			);
			name = Products;
			sourceTree = "<group>";
		};
		5568068F29730235004DD500 /* CheckInVN2 */ = {
			isa = PBXGroup;
			children = (
				556572632976C48000E9E08C /* Views */,
				55648BC82976944E006A49D7 /* ModelAPI */,
				5568069029730235004DD500 /* CheckInVN2App.swift */,
				5568069429730237004DD500 /* Assets.xcassets */,
				5568069929730237004DD500 /* Info.plist */,
				5568069629730237004DD500 /* Preview Content */,
			);
			path = CheckInVN2;
			sourceTree = "<group>";
		};
		5568069629730237004DD500 /* Preview Content */ = {
			isa = PBXGroup;
			children = (
				5568069729730237004DD500 /* Preview Assets.xcassets */,
			);
			path = "Preview Content";
			sourceTree = "<group>";
		};
		556806A129730238004DD500 /* CheckInVN2Tests */ = {
			isa = PBXGroup;
			children = (
				556806A229730238004DD500 /* CheckInVN2Tests.swift */,
				556806A429730238004DD500 /* Info.plist */,
			);
			path = CheckInVN2Tests;
			sourceTree = "<group>";
		};
		556806AC29730238004DD500 /* CheckInVN2UITests */ = {
			isa = PBXGroup;
			children = (
				556806AD29730238004DD500 /* CheckInVN2UITests.swift */,
				556806AF29730238004DD500 /* Info.plist */,
			);
			path = CheckInVN2UITests;
			sourceTree = "<group>";
		};
/* End PBXGroup section */

/* Begin PBXNativeTarget section */
		5568068C29730235004DD500 /* CheckInVN2 */ = {
			isa = PBXNativeTarget;
			buildConfigurationList = 556806B229730238004DD500 /* Build configuration list for PBXNativeTarget "CheckInVN2" */;
			buildPhases = (
				5568068929730235004DD500 /* Sources */,
				5568068A29730235004DD500 /* Frameworks */,
				5568068B29730235004DD500 /* Resources */,
			);
			buildRules = (
			);
			dependencies = (
			);
			name = CheckInVN2;
			productName = CheckInVN2;
			productReference = 5568068D29730235004DD500 /* CheckInVN2.app */;
			productType = "com.apple.product-type.application";
		};
		5568069D29730238004DD500 /* CheckInVN2Tests */ = {
			isa = PBXNativeTarget;
			buildConfigurationList = 556806B529730238004DD500 /* Build configuration list for PBXNativeTarget "CheckInVN2Tests" */;
			buildPhases = (
				5568069A29730238004DD500 /* Sources */,
				5568069B29730238004DD500 /* Frameworks */,
				5568069C29730238004DD500 /* Resources */,
			);
			buildRules = (
			);
			dependencies = (
				556806A029730238004DD500 /* PBXTargetDependency */,
			);
			name = CheckInVN2Tests;
			productName = CheckInVN2Tests;
			productReference = 5568069E29730238004DD500 /* CheckInVN2Tests.xctest */;
			productType = "com.apple.product-type.bundle.unit-test";
		};
		556806A829730238004DD500 /* CheckInVN2UITests */ = {
			isa = PBXNativeTarget;
			buildConfigurationList = 556806B829730238004DD500 /* Build configuration list for PBXNativeTarget "CheckInVN2UITests" */;
			buildPhases = (
				556806A529730238004DD500 /* Sources */,
				556806A629730238004DD500 /* Frameworks */,
				556806A729730238004DD500 /* Resources */,
			);
			buildRules = (
			);
			dependencies = (
				556806AB29730238004DD500 /* PBXTargetDependency */,
			);
			name = CheckInVN2UITests;
			productName = CheckInVN2UITests;
			productReference = 556806A929730238004DD500 /* CheckInVN2UITests.xctest */;
			productType = "com.apple.product-type.bundle.ui-testing";
		};
/* End PBXNativeTarget section */

/* Begin PBXProject section */
		5568068529730235004DD500 /* Project object */ = {
			isa = PBXProject;
			attributes = {
				LastSwiftUpdateCheck = 1250;
				LastUpgradeCheck = 1250;
				TargetAttributes = {
					5568068C29730235004DD500 = {
						CreatedOnToolsVersion = 12.5;
					};
					5568069D29730238004DD500 = {
						CreatedOnToolsVersion = 12.5;
						TestTargetID = 5568068C29730235004DD500;
					};
					556806A829730238004DD500 = {
						CreatedOnToolsVersion = 12.5;
						TestTargetID = 5568068C29730235004DD500;
					};
				};
			};
			buildConfigurationList = 5568068829730235004DD500 /* Build configuration list for PBXProject "CheckInVN2" */;
			compatibilityVersion = "Xcode 9.3";
			developmentRegion = en;
			hasScannedForEncodings = 0;
			knownRegions = (
				en,
				Base,
			);
			mainGroup = 5568068429730235004DD500;
			productRefGroup = 5568068E29730235004DD500 /* Products */;
			projectDirPath = "";
			projectRoot = "";
			targets = (
				5568068C29730235004DD500 /* CheckInVN2 */,
				5568069D29730238004DD500 /* CheckInVN2Tests */,
				556806A829730238004DD500 /* CheckInVN2UITests */,
			);
		};
/* End PBXProject section */

/* Begin PBXResourcesBuildPhase section */
		5568068B29730235004DD500 /* Resources */ = {
			isa = PBXResourcesBuildPhase;
			buildActionMask = 2147483647;
			files = (
				5568069829730237004DD500 /* Preview Assets.xcassets in Resources */,
				5568069529730237004DD500 /* Assets.xcassets in Resources */,
			);
			runOnlyForDeploymentPostprocessing = 0;
		};
		5568069C29730238004DD500 /* Resources */ = {
			isa = PBXResourcesBuildPhase;
			buildActionMask = 2147483647;
			files = (
			);
			runOnlyForDeploymentPostprocessing = 0;
		};
		556806A729730238004DD500 /* Resources */ = {
			isa = PBXResourcesBuildPhase;
			buildActionMask = 2147483647;
			files = (
			);
			runOnlyForDeploymentPostprocessing = 0;
		};
/* End PBXResourcesBuildPhase section */

/* Begin PBXSourcesBuildPhase section */
		5568068929730235004DD500 /* Sources */ = {
			isa = PBXSourcesBuildPhase;
			buildActionMask = 2147483647;
			files = (
				5568069329730235004DD500 /* ContentView.swift in Sources */,
				55648BCC2976953A006A49D7 /* ModelData.swift in Sources */,
				5563B0C329777763007616A6 /* ProvinceRow.swift in Sources */,
				55648BCA29769473006A49D7 /* CLUser.swift in Sources */,
				5568069129730235004DD500 /* CheckInVN2App.swift in Sources */,
				556572652976C49F00E9E08C /* ProvinceView.swift in Sources */,
				556572622976C38D00E9E08C /* CLProvince.swift in Sources */,
			);
			runOnlyForDeploymentPostprocessing = 0;
		};
		5568069A29730238004DD500 /* Sources */ = {
			isa = PBXSourcesBuildPhase;
			buildActionMask = 2147483647;
			files = (
				556806A329730238004DD500 /* CheckInVN2Tests.swift in Sources */,
			);
			runOnlyForDeploymentPostprocessing = 0;
		};
		556806A529730238004DD500 /* Sources */ = {
			isa = PBXSourcesBuildPhase;
			buildActionMask = 2147483647;
			files = (
				556806AE29730238004DD500 /* CheckInVN2UITests.swift in Sources */,
			);
			runOnlyForDeploymentPostprocessing = 0;
		};
/* End PBXSourcesBuildPhase section */

/* Begin PBXTargetDependency section */
		556806A029730238004DD500 /* PBXTargetDependency */ = {
			isa = PBXTargetDependency;
			target = 5568068C29730235004DD500 /* CheckInVN2 */;
			targetProxy = 5568069F29730238004DD500 /* PBXContainerItemProxy */;
		};
		556806AB29730238004DD500 /* PBXTargetDependency */ = {
			isa = PBXTargetDependency;
			target = 5568068C29730235004DD500 /* CheckInVN2 */;
			targetProxy = 556806AA29730238004DD500 /* PBXContainerItemProxy */;
		};
/* End PBXTargetDependency section */

/* Begin XCBuildConfiguration section */
		556806B029730238004DD500 /* Debug */ = {
			isa = XCBuildConfiguration;
			buildSettings = {
				ALWAYS_SEARCH_USER_PATHS = NO;
				CLANG_ANALYZER_NONNULL = YES;
				CLANG_ANALYZER_NUMBER_OBJECT_CONVERSION = YES_AGGRESSIVE;
				CLANG_CXX_LANGUAGE_STANDARD = "gnu++14";
				CLANG_CXX_LIBRARY = "libc++";
				CLANG_ENABLE_MODULES = YES;
				CLANG_ENABLE_OBJC_ARC = YES;
				CLANG_ENABLE_OBJC_WEAK = YES;
				CLANG_WARN_BLOCK_CAPTURE_AUTORELEASING = YES;
				CLANG_WARN_BOOL_CONVERSION = YES;
				CLANG_WARN_COMMA = YES;
				CLANG_WARN_CONSTANT_CONVERSION = YES;
				CLANG_WARN_DEPRECATED_OBJC_IMPLEMENTATIONS = YES;
				CLANG_WARN_DIRECT_OBJC_ISA_USAGE = YES_ERROR;
				CLANG_WARN_DOCUMENTATION_COMMENTS = YES;
				CLANG_WARN_EMPTY_BODY = YES;
				CLANG_WARN_ENUM_CONVERSION = YES;
				CLANG_WARN_INFINITE_RECURSION = YES;
				CLANG_WARN_INT_CONVERSION = YES;
				CLANG_WARN_NON_LITERAL_NULL_CONVERSION = YES;
				CLANG_WARN_OBJC_IMPLICIT_RETAIN_SELF = YES;
				CLANG_WARN_OBJC_LITERAL_CONVERSION = YES;
				CLANG_WARN_OBJC_ROOT_CLASS = YES_ERROR;
				CLANG_WARN_QUOTED_INCLUDE_IN_FRAMEWORK_HEADER = YES;
				CLANG_WARN_RANGE_LOOP_ANALYSIS = YES;
				CLANG_WARN_STRICT_PROTOTYPES = YES;
				CLANG_WARN_SUSPICIOUS_MOVE = YES;
				CLANG_WARN_UNGUARDED_AVAILABILITY = YES_AGGRESSIVE;
				CLANG_WARN_UNREACHABLE_CODE = YES;
				CLANG_WARN__DUPLICATE_METHOD_MATCH = YES;
				COPY_PHASE_STRIP = NO;
				DEBUG_INFORMATION_FORMAT = dwarf;
				ENABLE_STRICT_OBJC_MSGSEND = YES;
				ENABLE_TESTABILITY = YES;
				GCC_C_LANGUAGE_STANDARD = gnu11;
				GCC_DYNAMIC_NO_PIC = NO;
				GCC_NO_COMMON_BLOCKS = YES;
				GCC_OPTIMIZATION_LEVEL = 0;
				GCC_PREPROCESSOR_DEFINITIONS = (
					"DEBUG=1",
					"$(inherited)",
				);
				GCC_WARN_64_TO_32_BIT_CONVERSION = YES;
				GCC_WARN_ABOUT_RETURN_TYPE = YES_ERROR;
				GCC_WARN_UNDECLARED_SELECTOR = YES;
				GCC_WARN_UNINITIALIZED_AUTOS = YES_AGGRESSIVE;
				GCC_WARN_UNUSED_FUNCTION = YES;
				GCC_WARN_UNUSED_VARIABLE = YES;
				IPHONEOS_DEPLOYMENT_TARGET = 14.5;
				MTL_ENABLE_DEBUG_INFO = INCLUDE_SOURCE;
				MTL_FAST_MATH = YES;
				ONLY_ACTIVE_ARCH = YES;
				SDKROOT = iphoneos;
				SWIFT_ACTIVE_COMPILATION_CONDITIONS = DEBUG;
				SWIFT_OPTIMIZATION_LEVEL = "-Onone";
			};
			name = Debug;
		};
		556806B129730238004DD500 /* Release */ = {
			isa = XCBuildConfiguration;
			buildSettings = {
				ALWAYS_SEARCH_USER_PATHS = NO;
				CLANG_ANALYZER_NONNULL = YES;
				CLANG_ANALYZER_NUMBER_OBJECT_CONVERSION = YES_AGGRESSIVE;
				CLANG_CXX_LANGUAGE_STANDARD = "gnu++14";
				CLANG_CXX_LIBRARY = "libc++";
				CLANG_ENABLE_MODULES = YES;
				CLANG_ENABLE_OBJC_ARC = YES;
				CLANG_ENABLE_OBJC_WEAK = YES;
				CLANG_WARN_BLOCK_CAPTURE_AUTORELEASING = YES;
				CLANG_WARN_BOOL_CONVERSION = YES;
				CLANG_WARN_COMMA = YES;
				CLANG_WARN_CONSTANT_CONVERSION = YES;
				CLANG_WARN_DEPRECATED_OBJC_IMPLEMENTATIONS = YES;
				CLANG_WARN_DIRECT_OBJC_ISA_USAGE = YES_ERROR;
				CLANG_WARN_DOCUMENTATION_COMMENTS = YES;
				CLANG_WARN_EMPTY_BODY = YES;
				CLANG_WARN_ENUM_CONVERSION = YES;
				CLANG_WARN_INFINITE_RECURSION = YES;
				CLANG_WARN_INT_CONVERSION = YES;
				CLANG_WARN_NON_LITERAL_NULL_CONVERSION = YES;
				CLANG_WARN_OBJC_IMPLICIT_RETAIN_SELF = YES;
				CLANG_WARN_OBJC_LITERAL_CONVERSION = YES;
				CLANG_WARN_OBJC_ROOT_CLASS = YES_ERROR;
				CLANG_WARN_QUOTED_INCLUDE_IN_FRAMEWORK_HEADER = YES;
				CLANG_WARN_RANGE_LOOP_ANALYSIS = YES;
				CLANG_WARN_STRICT_PROTOTYPES = YES;
				CLANG_WARN_SUSPICIOUS_MOVE = YES;
				CLANG_WARN_UNGUARDED_AVAILABILITY = YES_AGGRESSIVE;
				CLANG_WARN_UNREACHABLE_CODE = YES;
				CLANG_WARN__DUPLICATE_METHOD_MATCH = YES;
				COPY_PHASE_STRIP = NO;
				DEBUG_INFORMATION_FORMAT = "dwarf-with-dsym";
				ENABLE_NS_ASSERTIONS = NO;
				ENABLE_STRICT_OBJC_MSGSEND = YES;
				GCC_C_LANGUAGE_STANDARD = gnu11;
				GCC_NO_COMMON_BLOCKS = YES;
				GCC_WARN_64_TO_32_BIT_CONVERSION = YES;
				GCC_WARN_ABOUT_RETURN_TYPE = YES_ERROR;
				GCC_WARN_UNDECLARED_SELECTOR = YES;
				GCC_WARN_UNINITIALIZED_AUTOS = YES_AGGRESSIVE;
				GCC_WARN_UNUSED_FUNCTION = YES;
				GCC_WARN_UNUSED_VARIABLE = YES;
				IPHONEOS_DEPLOYMENT_TARGET = 14.5;
				MTL_ENABLE_DEBUG_INFO = NO;
				MTL_FAST_MATH = YES;
				SDKROOT = iphoneos;
				SWIFT_COMPILATION_MODE = wholemodule;
				SWIFT_OPTIMIZATION_LEVEL = "-O";
				VALIDATE_PRODUCT = YES;
			};
			name = Release;
		};
		556806B329730238004DD500 /* Debug */ = {
			isa = XCBuildConfiguration;
			buildSettings = {
				ASSETCATALOG_COMPILER_APPICON_NAME = AppIcon;
				ASSETCATALOG_COMPILER_GLOBAL_ACCENT_COLOR_NAME = AccentColor;
				CODE_SIGN_STYLE = Automatic;
				DEVELOPMENT_ASSET_PATHS = "\"CheckInVN2/Preview Content\"";
				DEVELOPMENT_TEAM = FXG526C967;
				ENABLE_PREVIEWS = YES;
				INFOPLIST_FILE = CheckInVN2/Info.plist;
				IPHONEOS_DEPLOYMENT_TARGET = 14.0;
				LD_RUNPATH_SEARCH_PATHS = (
					"$(inherited)",
					"@executable_path/Frameworks",
				);
				PRODUCT_BUNDLE_IDENTIFIER = com.CheckInVN2;
				PRODUCT_NAME = "$(TARGET_NAME)";
				SWIFT_VERSION = 5.0;
				TARGETED_DEVICE_FAMILY = "1,2";
			};
			name = Debug;
		};
		556806B429730238004DD500 /* Release */ = {
			isa = XCBuildConfiguration;
			buildSettings = {
				ASSETCATALOG_COMPILER_APPICON_NAME = AppIcon;
				ASSETCATALOG_COMPILER_GLOBAL_ACCENT_COLOR_NAME = AccentColor;
				CODE_SIGN_STYLE = Automatic;
				DEVELOPMENT_ASSET_PATHS = "\"CheckInVN2/Preview Content\"";
				DEVELOPMENT_TEAM = FXG526C967;
				ENABLE_PREVIEWS = YES;
				INFOPLIST_FILE = CheckInVN2/Info.plist;
				IPHONEOS_DEPLOYMENT_TARGET = 14.0;
				LD_RUNPATH_SEARCH_PATHS = (
					"$(inherited)",
					"@executable_path/Frameworks",
				);
				PRODUCT_BUNDLE_IDENTIFIER = com.CheckInVN2;
				PRODUCT_NAME = "$(TARGET_NAME)";
				SWIFT_VERSION = 5.0;
				TARGETED_DEVICE_FAMILY = "1,2";
			};
			name = Release;
		};
		556806B629730238004DD500 /* Debug */ = {
			isa = XCBuildConfiguration;
			buildSettings = {
				ALWAYS_EMBED_SWIFT_STANDARD_LIBRARIES = YES;
				BUNDLE_LOADER = "$(TEST_HOST)";
				CODE_SIGN_STYLE = Automatic;
				DEVELOPMENT_TEAM = FXG526C967;
				INFOPLIST_FILE = CheckInVN2Tests/Info.plist;
				IPHONEOS_DEPLOYMENT_TARGET = 14.0;
				LD_RUNPATH_SEARCH_PATHS = (
					"$(inherited)",
					"@executable_path/Frameworks",
					"@loader_path/Frameworks",
				);
				PRODUCT_BUNDLE_IDENTIFIER = com.CheckInVN2Tests;
				PRODUCT_NAME = "$(TARGET_NAME)";
				SWIFT_VERSION = 5.0;
				TARGETED_DEVICE_FAMILY = "1,2";
				TEST_HOST = "$(BUILT_PRODUCTS_DIR)/CheckInVN2.app/CheckInVN2";
			};
			name = Debug;
		};
		556806B729730238004DD500 /* Release */ = {
			isa = XCBuildConfiguration;
			buildSettings = {
				ALWAYS_EMBED_SWIFT_STANDARD_LIBRARIES = YES;
				BUNDLE_LOADER = "$(TEST_HOST)";
				CODE_SIGN_STYLE = Automatic;
				DEVELOPMENT_TEAM = FXG526C967;
				INFOPLIST_FILE = CheckInVN2Tests/Info.plist;
				IPHONEOS_DEPLOYMENT_TARGET = 14.0;
				LD_RUNPATH_SEARCH_PATHS = (
					"$(inherited)",
					"@executable_path/Frameworks",
					"@loader_path/Frameworks",
				);
				PRODUCT_BUNDLE_IDENTIFIER = com.CheckInVN2Tests;
				PRODUCT_NAME = "$(TARGET_NAME)";
				SWIFT_VERSION = 5.0;
				TARGETED_DEVICE_FAMILY = "1,2";
				TEST_HOST = "$(BUILT_PRODUCTS_DIR)/CheckInVN2.app/CheckInVN2";
			};
			name = Release;
		};
		556806B929730238004DD500 /* Debug */ = {
			isa = XCBuildConfiguration;
			buildSettings = {
				ALWAYS_EMBED_SWIFT_STANDARD_LIBRARIES = YES;
				CODE_SIGN_STYLE = Automatic;
				DEVELOPMENT_TEAM = FXG526C967;
				INFOPLIST_FILE = CheckInVN2UITests/Info.plist;
				LD_RUNPATH_SEARCH_PATHS = (
					"$(inherited)",
					"@executable_path/Frameworks",
					"@loader_path/Frameworks",
				);
				PRODUCT_BUNDLE_IDENTIFIER = com.CheckInVN2UITests;
				PRODUCT_NAME = "$(TARGET_NAME)";
				SWIFT_VERSION = 5.0;
				TARGETED_DEVICE_FAMILY = "1,2";
				TEST_TARGET_NAME = CheckInVN2;
			};
			name = Debug;
		};
		556806BA29730238004DD500 /* Release */ = {
			isa = XCBuildConfiguration;
			buildSettings = {
				ALWAYS_EMBED_SWIFT_STANDARD_LIBRARIES = YES;
				CODE_SIGN_STYLE = Automatic;
				DEVELOPMENT_TEAM = FXG526C967;
				INFOPLIST_FILE = CheckInVN2UITests/Info.plist;
				LD_RUNPATH_SEARCH_PATHS = (
					"$(inherited)",
					"@executable_path/Frameworks",
					"@loader_path/Frameworks",
				);
				PRODUCT_BUNDLE_IDENTIFIER = com.CheckInVN2UITests;
				PRODUCT_NAME = "$(TARGET_NAME)";
				SWIFT_VERSION = 5.0;
				TARGETED_DEVICE_FAMILY = "1,2";
				TEST_TARGET_NAME = CheckInVN2;
			};
			name = Release;
		};
/* End XCBuildConfiguration section */

/* Begin XCConfigurationList section */
		5568068829730235004DD500 /* Build configuration list for PBXProject "CheckInVN2" */ = {
			isa = XCConfigurationList;
			buildConfigurations = (
				556806B029730238004DD500 /* Debug */,
				556806B129730238004DD500 /* Release */,
			);
			defaultConfigurationIsVisible = 0;
			defaultConfigurationName = Release;
		};
		556806B229730238004DD500 /* Build configuration list for PBXNativeTarget "CheckInVN2" */ = {
			isa = XCConfigurationList;
			buildConfigurations = (
				556806B329730238004DD500 /* Debug */,
				556806B429730238004DD500 /* Release */,
			);
			defaultConfigurationIsVisible = 0;
			defaultConfigurationName = Release;
		};
		556806B529730238004DD500 /* Build configuration list for PBXNativeTarget "CheckInVN2Tests" */ = {
			isa = XCConfigurationList;
			buildConfigurations = (
				556806B629730238004DD500 /* Debug */,
				556806B729730238004DD500 /* Release */,
			);
			defaultConfigurationIsVisible = 0;
			defaultConfigurationName = Release;
		};
		556806B829730238004DD500 /* Build configuration list for PBXNativeTarget "CheckInVN2UITests" */ = {
			isa = XCConfigurationList;
			buildConfigurations = (
				556806B929730238004DD500 /* Debug */,
				556806BA29730238004DD500 /* Release */,
			);
			defaultConfigurationIsVisible = 0;
			defaultConfigurationName = Release;
		};
/* End XCConfigurationList section */
	};
	rootObject = 5568068529730235004DD500 /* Project object */;
}
